
Microsoft Visual Studio Solution File, Format Version 12.00
# Visual Studio Version 16
VisualStudioVersion = 16.0.32407.337
MinimumVisualStudioVersion = 10.0.40219.1
Project("{FAE04EC0-301F-11D3-BF4B-00C04F79EFBC}") = "ConsoleApp861", "ConsoleApp861\ConsoleApp861.csproj", "{15F2BE50-1937-4D0D-A2FD-F147894A87D7}"
EndProject
Global
	GlobalSection(SolutionConfigurationPlatforms) = preSolution
		Debug|Any CPU = Debug|Any CPU
		Release|Any CPU = Release|Any CPU
	EndGlobalSection
	GlobalSection(ProjectConfigurationPlatforms) = postSolution
		{15F2BE50-1937-4D0D-A2FD-F147894A87D7}.Debug|Any CPU.ActiveCfg = Debug|Any CPU
		{15F2BE50-1937-4D0D-A2FD-F147894A87D7}.Debug|Any CPU.Build.0 = Debug|Any CPU
		{15F2BE50-1937-4D0D-A2FD-F147894A87D7}.Release|Any CPU.ActiveCfg = Release|Any CPU
		{15F2BE50-1937-4D0D-A2FD-F147894A87D7}.Release|Any CPU.Build.0 = Release|Any CPU
	EndGlobalSection
	GlobalSection(SolutionProperties) = preSolution
		HideSolutionNode = FALSE
	EndGlobalSection
	GlobalSection(ExtensibilityGlobals) = postSolution
		SolutionGuid = {CC84136B-183F-4C2A-A084-FC5D5C9E5C55}
	EndGlobalSection
EndGlobal
